
Microsoft Visual Studio Solution File, Format Version 12.00
# Visual Studio Version 16
VisualStudioVersion = 16.0.30611.23
MinimumVisualStudioVersion = 10.0.40219.1
Project("{FAE04EC0-301F-11D3-BF4B-00C04F79EFBC}") = "QAToolKit.Engine.Bombardier", "src\QAToolKit.Engine.Bombardier\QAToolKit.Engine.Bombardier.csproj", "{EDE9264C-A8DA-4A7B-AB25-805F2A7BCC33}"
EndProject
Project("{FAE04EC0-301F-11D3-BF4B-00C04F79EFBC}") = "QAToolKit.Engine.Bombardier.Test", "test\QAToolKit.Engine.Bombardier.Test\QAToolKit.Engine.Bombardier.Test.csproj", "{EA933817-BCEF-4B47-BFAD-BC7F5D87E69F}"
EndProject
Global
	GlobalSection(SolutionConfigurationPlatforms) = preSolution
		Debug|Any CPU = Debug|Any CPU
		Release|Any CPU = Release|Any CPU
	EndGlobalSection
	GlobalSection(ProjectConfigurationPlatforms) = postSolution
		{EDE9264C-A8DA-4A7B-AB25-805F2A7BCC33}.Debug|Any CPU.ActiveCfg = Debug|Any CPU
		{EDE9264C-A8DA-4A7B-AB25-805F2A7BCC33}.Debug|Any CPU.Build.0 = Debug|Any CPU
		{EDE9264C-A8DA-4A7B-AB25-805F2A7BCC33}.Release|Any CPU.ActiveCfg = Release|Any CPU
		{EDE9264C-A8DA-4A7B-AB25-805F2A7BCC33}.Release|Any CPU.Build.0 = Release|Any CPU
		{EA933817-BCEF-4B47-BFAD-BC7F5D87E69F}.Debug|Any CPU.ActiveCfg = Debug|Any CPU
		{EA933817-BCEF-4B47-BFAD-BC7F5D87E69F}.Debug|Any CPU.Build.0 = Debug|Any CPU
		{EA933817-BCEF-4B47-BFAD-BC7F5D87E69F}.Release|Any CPU.ActiveCfg = Release|Any CPU
		{EA933817-BCEF-4B47-BFAD-BC7F5D87E69F}.Release|Any CPU.Build.0 = Release|Any CPU
	EndGlobalSection
	GlobalSection(SolutionProperties) = preSolution
		HideSolutionNode = FALSE
	EndGlobalSection
	GlobalSection(ExtensibilityGlobals) = postSolution
		SolutionGuid = {7CEC608D-A606-444C-89A4-12FE1463F653}
	EndGlobalSection
EndGlobal
